// !$*UTF8*$!
{
	archiveVersion = 1;
	classes = {
	};
	objectVersion = 46;
	objects = {

/* Begin PBXBuildFile section */
		133E64A561E7594D7A5931A3 /* Pods_google_calendar_apiTests.framework in Frameworks */ = {isa = PBXBuildFile; fileRef = 64B7C867D7EE46671503E10F /* Pods_google_calendar_apiTests.framework */; };
		D58930346008910182F6474E /* Pods_google_calendar_apiUITests.framework in Frameworks */ = {isa = PBXBuildFile; fileRef = 03CF88381C1C06EBEE0BCA81 /* Pods_google_calendar_apiUITests.framework */; };
		D608B0821D98AB9D0071692C /* AppDelegate.swift in Sources */ = {isa = PBXBuildFile; fileRef = D608B0811D98AB9D0071692C /* AppDelegate.swift */; };
		D608B0841D98AB9D0071692C /* ViewController.swift in Sources */ = {isa = PBXBuildFile; fileRef = D608B0831D98AB9D0071692C /* ViewController.swift */; };
		D608B0871D98AB9D0071692C /* Main.storyboard in Resources */ = {isa = PBXBuildFile; fileRef = D608B0851D98AB9D0071692C /* Main.storyboard */; };
		D608B0891D98AB9D0071692C /* Assets.xcassets in Resources */ = {isa = PBXBuildFile; fileRef = D608B0881D98AB9D0071692C /* Assets.xcassets */; };
		D608B08C1D98AB9D0071692C /* LaunchScreen.storyboard in Resources */ = {isa = PBXBuildFile; fileRef = D608B08A1D98AB9D0071692C /* LaunchScreen.storyboard */; };
		D608B0971D98AB9D0071692C /* google_calendar_apiTests.swift in Sources */ = {isa = PBXBuildFile; fileRef = D608B0961D98AB9D0071692C /* google_calendar_apiTests.swift */; };
		D608B0A21D98AB9D0071692C /* google_calendar_apiUITests.swift in Sources */ = {isa = PBXBuildFile; fileRef = D608B0A11D98AB9D0071692C /* google_calendar_apiUITests.swift */; };
		FDA64F6C3BE613CEC0DDD0EF /* Pods_google_calendar_api.framework in Frameworks */ = {isa = PBXBuildFile; fileRef = 29D9126C15CF88E622DB6948 /* Pods_google_calendar_api.framework */; };
/* End PBXBuildFile section */

/* Begin PBXContainerItemProxy section */
		D608B0931D98AB9D0071692C /* PBXContainerItemProxy */ = {
			isa = PBXContainerItemProxy;
			containerPortal = D608B0761D98AB9D0071692C /* Project object */;
			proxyType = 1;
			remoteGlobalIDString = D608B07D1D98AB9D0071692C;
			remoteInfo = google_calendar_api;
		};
		D608B09E1D98AB9D0071692C /* PBXContainerItemProxy */ = {
			isa = PBXContainerItemProxy;
			containerPortal = D608B0761D98AB9D0071692C /* Project object */;
			proxyType = 1;
			remoteGlobalIDString = D608B07D1D98AB9D0071692C;
			remoteInfo = google_calendar_api;
		};
/* End PBXContainerItemProxy section */

/* Begin PBXFileReference section */
		0026E99A3C0F900AFF07C223 /* Pods-google_calendar_api.debug.xcconfig */ = {isa = PBXFileReference; includeInIndex = 1; lastKnownFileType = text.xcconfig; name = "Pods-google_calendar_api.debug.xcconfig"; path = "Pods/Target Support Files/Pods-google_calendar_api/Pods-google_calendar_api.debug.xcconfig"; sourceTree = "<group>"; };
		03CF88381C1C06EBEE0BCA81 /* Pods_google_calendar_apiUITests.framework */ = {isa = PBXFileReference; explicitFileType = wrapper.framework; includeInIndex = 0; path = Pods_google_calendar_apiUITests.framework; sourceTree = BUILT_PRODUCTS_DIR; };
		0ED00CC07B4074C025D836A9 /* Pods-google_calendar_apiTests.release.xcconfig */ = {isa = PBXFileReference; includeInIndex = 1; lastKnownFileType = text.xcconfig; name = "Pods-google_calendar_apiTests.release.xcconfig"; path = "Pods/Target Support Files/Pods-google_calendar_apiTests/Pods-google_calendar_apiTests.release.xcconfig"; sourceTree = "<group>"; };
		29D9126C15CF88E622DB6948 /* Pods_google_calendar_api.framework */ = {isa = PBXFileReference; explicitFileType = wrapper.framework; includeInIndex = 0; path = Pods_google_calendar_api.framework; sourceTree = BUILT_PRODUCTS_DIR; };
		3C2249A7CA3B8DC6AFAF23EF /* Pods-google_calendar_apiTests.debug.xcconfig */ = {isa = PBXFileReference; includeInIndex = 1; lastKnownFileType = text.xcconfig; name = "Pods-google_calendar_apiTests.debug.xcconfig"; path = "Pods/Target Support Files/Pods-google_calendar_apiTests/Pods-google_calendar_apiTests.debug.xcconfig"; sourceTree = "<group>"; };
		3CB3793C1B9DC482265A77BC /* Pods-google_calendar_apiUITests.debug.xcconfig */ = {isa = PBXFileReference; includeInIndex = 1; lastKnownFileType = text.xcconfig; name = "Pods-google_calendar_apiUITests.debug.xcconfig"; path = "Pods/Target Support Files/Pods-google_calendar_apiUITests/Pods-google_calendar_apiUITests.debug.xcconfig"; sourceTree = "<group>"; };
		64B7C867D7EE46671503E10F /* Pods_google_calendar_apiTests.framework */ = {isa = PBXFileReference; explicitFileType = wrapper.framework; includeInIndex = 0; path = Pods_google_calendar_apiTests.framework; sourceTree = BUILT_PRODUCTS_DIR; };
		BAACE99FA69D0E9611984C21 /* Pods-google_calendar_apiUITests.release.xcconfig */ = {isa = PBXFileReference; includeInIndex = 1; lastKnownFileType = text.xcconfig; name = "Pods-google_calendar_apiUITests.release.xcconfig"; path = "Pods/Target Support Files/Pods-google_calendar_apiUITests/Pods-google_calendar_apiUITests.release.xcconfig"; sourceTree = "<group>"; };
		BF735782671F0C0AB6E52B1C /* Pods-google_calendar_api.release.xcconfig */ = {isa = PBXFileReference; includeInIndex = 1; lastKnownFileType = text.xcconfig; name = "Pods-google_calendar_api.release.xcconfig"; path = "Pods/Target Support Files/Pods-google_calendar_api/Pods-google_calendar_api.release.xcconfig"; sourceTree = "<group>"; };
		D608B07E1D98AB9D0071692C /* google_calendar_api.app */ = {isa = PBXFileReference; explicitFileType = wrapper.application; includeInIndex = 0; path = google_calendar_api.app; sourceTree = BUILT_PRODUCTS_DIR; };
		D608B0811D98AB9D0071692C /* AppDelegate.swift */ = {isa = PBXFileReference; lastKnownFileType = sourcecode.swift; path = AppDelegate.swift; sourceTree = "<group>"; };
		D608B0831D98AB9D0071692C /* ViewController.swift */ = {isa = PBXFileReference; lastKnownFileType = sourcecode.swift; path = ViewController.swift; sourceTree = "<group>"; };
		D608B0861D98AB9D0071692C /* Base */ = {isa = PBXFileReference; lastKnownFileType = file.storyboard; name = Base; path = Base.lproj/Main.storyboard; sourceTree = "<group>"; };
		D608B0881D98AB9D0071692C /* Assets.xcassets */ = {isa = PBXFileReference; lastKnownFileType = folder.assetcatalog; path = Assets.xcassets; sourceTree = "<group>"; };
		D608B08B1D98AB9D0071692C /* Base */ = {isa = PBXFileReference; lastKnownFileType = file.storyboard; name = Base; path = Base.lproj/LaunchScreen.storyboard; sourceTree = "<group>"; };
		D608B08D1D98AB9D0071692C /* Info.plist */ = {isa = PBXFileReference; lastKnownFileType = text.plist.xml; path = Info.plist; sourceTree = "<group>"; };
		D608B0921D98AB9D0071692C /* google_calendar_apiTests.xctest */ = {isa = PBXFileReference; explicitFileType = wrapper.cfbundle; includeInIndex = 0; path = google_calendar_apiTests.xctest; sourceTree = BUILT_PRODUCTS_DIR; };
		D608B0961D98AB9D0071692C /* google_calendar_apiTests.swift */ = {isa = PBXFileReference; lastKnownFileType = sourcecode.swift; path = google_calendar_apiTests.swift; sourceTree = "<group>"; };
		D608B0981D98AB9D0071692C /* Info.plist */ = {isa = PBXFileReference; lastKnownFileType = text.plist.xml; path = Info.plist; sourceTree = "<group>"; };
		D608B09D1D98AB9D0071692C /* google_calendar_apiUITests.xctest */ = {isa = PBXFileReference; explicitFileType = wrapper.cfbundle; includeInIndex = 0; path = google_calendar_apiUITests.xctest; sourceTree = BUILT_PRODUCTS_DIR; };
		D608B0A11D98AB9D0071692C /* google_calendar_apiUITests.swift */ = {isa = PBXFileReference; lastKnownFileType = sourcecode.swift; path = google_calendar_apiUITests.swift; sourceTree = "<group>"; };
		D608B0A31D98AB9D0071692C /* Info.plist */ = {isa = PBXFileReference; lastKnownFileType = text.plist.xml; path = Info.plist; sourceTree = "<group>"; };
/* End PBXFileReference section */

/* Begin PBXFrameworksBuildPhase section */
		D608B07B1D98AB9D0071692C /* Frameworks */ = {
			isa = PBXFrameworksBuildPhase;
			buildActionMask = 2147483647;
			files = (
				FDA64F6C3BE613CEC0DDD0EF /* Pods_google_calendar_api.framework in Frameworks */,
			);
			runOnlyForDeploymentPostprocessing = 0;
		};
		D608B08F1D98AB9D0071692C /* Frameworks */ = {
			isa = PBXFrameworksBuildPhase;
			buildActionMask = 2147483647;
			files = (
				133E64A561E7594D7A5931A3 /* Pods_google_calendar_apiTests.framework in Frameworks */,
			);
			runOnlyForDeploymentPostprocessing = 0;
		};
		D608B09A1D98AB9D0071692C /* Frameworks */ = {
			isa = PBXFrameworksBuildPhase;
			buildActionMask = 2147483647;
			files = (
				D58930346008910182F6474E /* Pods_google_calendar_apiUITests.framework in Frameworks */,
			);
			runOnlyForDeploymentPostprocessing = 0;
		};
/* End PBXFrameworksBuildPhase section */

/* Begin PBXGroup section */
		D608B0751D98AB9D0071692C = {
			isa = PBXGroup;
			children = (
				D608B0801D98AB9D0071692C /* google_calendar_api */,
				D608B0951D98AB9D0071692C /* google_calendar_apiTests */,
				D608B0A01D98AB9D0071692C /* google_calendar_apiUITests */,
				D608B07F1D98AB9D0071692C /* Products */,
				DDBF64FE676C4B15D3E83584 /* Pods */,
				FA296DF2B83D009F79D7B976 /* Frameworks */,
			);
			sourceTree = "<group>";
		};
		D608B07F1D98AB9D0071692C /* Products */ = {
			isa = PBXGroup;
			children = (
				D608B07E1D98AB9D0071692C /* google_calendar_api.app */,
				D608B0921D98AB9D0071692C /* google_calendar_apiTests.xctest */,
				D608B09D1D98AB9D0071692C /* google_calendar_apiUITests.xctest */,
			);
			name = Products;
			sourceTree = "<group>";
		};
		D608B0801D98AB9D0071692C /* google_calendar_api */ = {
			isa = PBXGroup;
			children = (
				D608B0811D98AB9D0071692C /* AppDelegate.swift */,
				D608B0831D98AB9D0071692C /* ViewController.swift */,
				D608B0851D98AB9D0071692C /* Main.storyboard */,
				D608B0881D98AB9D0071692C /* Assets.xcassets */,
				D608B08A1D98AB9D0071692C /* LaunchScreen.storyboard */,
				D608B08D1D98AB9D0071692C /* Info.plist */,
			);
			path = google_calendar_api;
			sourceTree = "<group>";
		};
		D608B0951D98AB9D0071692C /* google_calendar_apiTests */ = {
			isa = PBXGroup;
			children = (
				D608B0961D98AB9D0071692C /* google_calendar_apiTests.swift */,
				D608B0981D98AB9D0071692C /* Info.plist */,
			);
			path = google_calendar_apiTests;
			sourceTree = "<group>";
		};
		D608B0A01D98AB9D0071692C /* google_calendar_apiUITests */ = {
			isa = PBXGroup;
			children = (
				D608B0A11D98AB9D0071692C /* google_calendar_apiUITests.swift */,
				D608B0A31D98AB9D0071692C /* Info.plist */,
			);
			path = google_calendar_apiUITests;
			sourceTree = "<group>";
		};
		DDBF64FE676C4B15D3E83584 /* Pods */ = {
			isa = PBXGroup;
			children = (
				0026E99A3C0F900AFF07C223 /* Pods-google_calendar_api.debug.xcconfig */,
				BF735782671F0C0AB6E52B1C /* Pods-google_calendar_api.release.xcconfig */,
				3C2249A7CA3B8DC6AFAF23EF /* Pods-google_calendar_apiTests.debug.xcconfig */,
				0ED00CC07B4074C025D836A9 /* Pods-google_calendar_apiTests.release.xcconfig */,
				3CB3793C1B9DC482265A77BC /* Pods-google_calendar_apiUITests.debug.xcconfig */,
				BAACE99FA69D0E9611984C21 /* Pods-google_calendar_apiUITests.release.xcconfig */,
			);
			name = Pods;
			sourceTree = "<group>";
		};
		FA296DF2B83D009F79D7B976 /* Frameworks */ = {
			isa = PBXGroup;
			children = (
				29D9126C15CF88E622DB6948 /* Pods_google_calendar_api.framework */,
				64B7C867D7EE46671503E10F /* Pods_google_calendar_apiTests.framework */,
				03CF88381C1C06EBEE0BCA81 /* Pods_google_calendar_apiUITests.framework */,
			);
			name = Frameworks;
			sourceTree = "<group>";
		};
/* End PBXGroup section */

/* Begin PBXNativeTarget section */
		D608B07D1D98AB9D0071692C /* google_calendar_api */ = {
			isa = PBXNativeTarget;
			buildConfigurationList = D608B0A61D98AB9D0071692C /* Build configuration list for PBXNativeTarget "google_calendar_api" */;
			buildPhases = (
				E87AFB117D894AAD6838BEBD /* [CP] Check Pods Manifest.lock */,
				D608B07A1D98AB9D0071692C /* Sources */,
				D608B07B1D98AB9D0071692C /* Frameworks */,
				D608B07C1D98AB9D0071692C /* Resources */,
				E2968DA62D38C59532EAE55D /* [CP] Embed Pods Frameworks */,
				94DC63639CB80C57347F3F65 /* [CP] Copy Pods Resources */,
			);
			buildRules = (
			);
			dependencies = (
			);
			name = google_calendar_api;
			productName = google_calendar_api;
			productReference = D608B07E1D98AB9D0071692C /* google_calendar_api.app */;
			productType = "com.apple.product-type.application";
		};
		D608B0911D98AB9D0071692C /* google_calendar_apiTests */ = {
			isa = PBXNativeTarget;
			buildConfigurationList = D608B0A91D98AB9D0071692C /* Build configuration list for PBXNativeTarget "google_calendar_apiTests" */;
			buildPhases = (
				3ACDCDDC8B07D92ABD8A78EA /* [CP] Check Pods Manifest.lock */,
				D608B08E1D98AB9D0071692C /* Sources */,
				D608B08F1D98AB9D0071692C /* Frameworks */,
				D608B0901D98AB9D0071692C /* Resources */,
				70CDAEB7D64AC271B13F339B /* [CP] Embed Pods Frameworks */,
				44EA731F006A5FA3C4DBDD57 /* [CP] Copy Pods Resources */,
			);
			buildRules = (
			);
			dependencies = (
				D608B0941D98AB9D0071692C /* PBXTargetDependency */,
			);
			name = google_calendar_apiTests;
			productName = google_calendar_apiTests;
			productReference = D608B0921D98AB9D0071692C /* google_calendar_apiTests.xctest */;
			productType = "com.apple.product-type.bundle.unit-test";
		};
		D608B09C1D98AB9D0071692C /* google_calendar_apiUITests */ = {
			isa = PBXNativeTarget;
			buildConfigurationList = D608B0AC1D98AB9D0071692C /* Build configuration list for PBXNativeTarget "google_calendar_apiUITests" */;
			buildPhases = (
				3165312B161A4559B3488008 /* [CP] Check Pods Manifest.lock */,
				D608B0991D98AB9D0071692C /* Sources */,
				D608B09A1D98AB9D0071692C /* Frameworks */,
				D608B09B1D98AB9D0071692C /* Resources */,
				841F26D822F2A45E8936FA8A /* [CP] Embed Pods Frameworks */,
				2F3599B932E7DD3C527E679C /* [CP] Copy Pods Resources */,
			);
			buildRules = (
			);
			dependencies = (
				D608B09F1D98AB9D0071692C /* PBXTargetDependency */,
			);
			name = google_calendar_apiUITests;
			productName = google_calendar_apiUITests;
			productReference = D608B09D1D98AB9D0071692C /* google_calendar_apiUITests.xctest */;
			productType = "com.apple.product-type.bundle.ui-testing";
		};
/* End PBXNativeTarget section */

/* Begin PBXProject section */
		D608B0761D98AB9D0071692C /* Project object */ = {
			isa = PBXProject;
			attributes = {
				LastSwiftUpdateCheck = 0800;
				LastUpgradeCheck = 0800;
				ORGANIZATIONNAME = "中村祐太";
				TargetAttributes = {
					D608B07D1D98AB9D0071692C = {
						CreatedOnToolsVersion = 8.0;
						LastSwiftMigration = 0800;
						ProvisioningStyle = Automatic;
					};
					D608B0911D98AB9D0071692C = {
						CreatedOnToolsVersion = 8.0;
						LastSwiftMigration = 0800;
						ProvisioningStyle = Automatic;
						TestTargetID = D608B07D1D98AB9D0071692C;
					};
					D608B09C1D98AB9D0071692C = {
						CreatedOnToolsVersion = 8.0;
						LastSwiftMigration = 0800;
						ProvisioningStyle = Automatic;
						TestTargetID = D608B07D1D98AB9D0071692C;
					};
				};
			};
			buildConfigurationList = D608B0791D98AB9D0071692C /* Build configuration list for PBXProject "google_calendar_api" */;
			compatibilityVersion = "Xcode 3.2";
			developmentRegion = English;
			hasScannedForEncodings = 0;
			knownRegions = (
				en,
				Base,
			);
			mainGroup = D608B0751D98AB9D0071692C;
			productRefGroup = D608B07F1D98AB9D0071692C /* Products */;
			projectDirPath = "";
			projectRoot = "";
			targets = (
				D608B07D1D98AB9D0071692C /* google_calendar_api */,
				D608B0911D98AB9D0071692C /* google_calendar_apiTests */,
				D608B09C1D98AB9D0071692C /* google_calendar_apiUITests */,
			);
		};
/* End PBXProject section */

/* Begin PBXResourcesBuildPhase section */
		D608B07C1D98AB9D0071692C /* Resources */ = {
			isa = PBXResourcesBuildPhase;
			buildActionMask = 2147483647;
			files = (
				D608B08C1D98AB9D0071692C /* LaunchScreen.storyboard in Resources */,
				D608B0891D98AB9D0071692C /* Assets.xcassets in Resources */,
				D608B0871D98AB9D0071692C /* Main.storyboard in Resources */,
			);
			runOnlyForDeploymentPostprocessing = 0;
		};
		D608B0901D98AB9D0071692C /* Resources */ = {
			isa = PBXResourcesBuildPhase;
			buildActionMask = 2147483647;
			files = (
			);
			runOnlyForDeploymentPostprocessing = 0;
		};
		D608B09B1D98AB9D0071692C /* Resources */ = {
			isa = PBXResourcesBuildPhase;
			buildActionMask = 2147483647;
			files = (
			);
			runOnlyForDeploymentPostprocessing = 0;
		};
/* End PBXResourcesBuildPhase section */

/* Begin PBXShellScriptBuildPhase section */
		2F3599B932E7DD3C527E679C /* [CP] Copy Pods Resources */ = {
			isa = PBXShellScriptBuildPhase;
			buildActionMask = 2147483647;
			files = (
			);
			inputPaths = (
			);
			name = "[CP] Copy Pods Resources";
			outputPaths = (
			);
			runOnlyForDeploymentPostprocessing = 0;
			shellPath = /bin/sh;
			shellScript = "\"${SRCROOT}/Pods/Target Support Files/Pods-google_calendar_apiUITests/Pods-google_calendar_apiUITests-resources.sh\"\n";
			showEnvVarsInLog = 0;
		};
		3165312B161A4559B3488008 /* [CP] Check Pods Manifest.lock */ = {
			isa = PBXShellScriptBuildPhase;
			buildActionMask = 2147483647;
			files = (
			);
			inputPaths = (
			);
			name = "[CP] Check Pods Manifest.lock";
			outputPaths = (
			);
			runOnlyForDeploymentPostprocessing = 0;
			shellPath = /bin/sh;
			shellScript = "diff \"${PODS_ROOT}/../Podfile.lock\" \"${PODS_ROOT}/Manifest.lock\" > /dev/null\nif [ $? != 0 ] ; then\n    # print error to STDERR\n    echo \"error: The sandbox is not in sync with the Podfile.lock. Run 'pod install' or update your CocoaPods installation.\" >&2\n    exit 1\nfi\n";
			showEnvVarsInLog = 0;
		};
		3ACDCDDC8B07D92ABD8A78EA /* [CP] Check Pods Manifest.lock */ = {
			isa = PBXShellScriptBuildPhase;
			buildActionMask = 2147483647;
			files = (
			);
			inputPaths = (
			);
			name = "[CP] Check Pods Manifest.lock";
			outputPaths = (
			);
			runOnlyForDeploymentPostprocessing = 0;
			shellPath = /bin/sh;
			shellScript = "diff \"${PODS_ROOT}/../Podfile.lock\" \"${PODS_ROOT}/Manifest.lock\" > /dev/null\nif [ $? != 0 ] ; then\n    # print error to STDERR\n    echo \"error: The sandbox is not in sync with the Podfile.lock. Run 'pod install' or update your CocoaPods installation.\" >&2\n    exit 1\nfi\n";
			showEnvVarsInLog = 0;
		};
		44EA731F006A5FA3C4DBDD57 /* [CP] Copy Pods Resources */ = {
			isa = PBXShellScriptBuildPhase;
			buildActionMask = 2147483647;
			files = (
			);
			inputPaths = (
			);
			name = "[CP] Copy Pods Resources";
			outputPaths = (
			);
			runOnlyForDeploymentPostprocessing = 0;
			shellPath = /bin/sh;
			shellScript = "\"${SRCROOT}/Pods/Target Support Files/Pods-google_calendar_apiTests/Pods-google_calendar_apiTests-resources.sh\"\n";
			showEnvVarsInLog = 0;
		};
		70CDAEB7D64AC271B13F339B /* [CP] Embed Pods Frameworks */ = {
			isa = PBXShellScriptBuildPhase;
			buildActionMask = 2147483647;
			files = (
			);
			inputPaths = (
			);
			name = "[CP] Embed Pods Frameworks";
			outputPaths = (
			);
			runOnlyForDeploymentPostprocessing = 0;
			shellPath = /bin/sh;
			shellScript = "\"${SRCROOT}/Pods/Target Support Files/Pods-google_calendar_apiTests/Pods-google_calendar_apiTests-frameworks.sh\"\n";
			showEnvVarsInLog = 0;
		};
		841F26D822F2A45E8936FA8A /* [CP] Embed Pods Frameworks */ = {
			isa = PBXShellScriptBuildPhase;
			buildActionMask = 2147483647;
			files = (
			);
			inputPaths = (
			);
			name = "[CP] Embed Pods Frameworks";
			outputPaths = (
			);
			runOnlyForDeploymentPostprocessing = 0;
			shellPath = /bin/sh;
			shellScript = "\"${SRCROOT}/Pods/Target Support Files/Pods-google_calendar_apiUITests/Pods-google_calendar_apiUITests-frameworks.sh\"\n";
			showEnvVarsInLog = 0;
		};
		94DC63639CB80C57347F3F65 /* [CP] Copy Pods Resources */ = {
			isa = PBXShellScriptBuildPhase;
			buildActionMask = 2147483647;
			files = (
			);
			inputPaths = (
			);
			name = "[CP] Copy Pods Resources";
			outputPaths = (
			);
			runOnlyForDeploymentPostprocessing = 0;
			shellPath = /bin/sh;
			shellScript = "\"${SRCROOT}/Pods/Target Support Files/Pods-google_calendar_api/Pods-google_calendar_api-resources.sh\"\n";
			showEnvVarsInLog = 0;
		};
		E2968DA62D38C59532EAE55D /* [CP] Embed Pods Frameworks */ = {
			isa = PBXShellScriptBuildPhase;
			buildActionMask = 2147483647;
			files = (
			);
			inputPaths = (
			);
			name = "[CP] Embed Pods Frameworks";
			outputPaths = (
			);
			runOnlyForDeploymentPostprocessing = 0;
			shellPath = /bin/sh;
			shellScript = "\"${SRCROOT}/Pods/Target Support Files/Pods-google_calendar_api/Pods-google_calendar_api-frameworks.sh\"\n";
			showEnvVarsInLog = 0;
		};
		E87AFB117D894AAD6838BEBD /* [CP] Check Pods Manifest.lock */ = {
			isa = PBXShellScriptBuildPhase;
			buildActionMask = 2147483647;
			files = (
			);
			inputPaths = (
			);
			name = "[CP] Check Pods Manifest.lock";
			outputPaths = (
			);
			runOnlyForDeploymentPostprocessing = 0;
			shellPath = /bin/sh;
			shellScript = "diff \"${PODS_ROOT}/../Podfile.lock\" \"${PODS_ROOT}/Manifest.lock\" > /dev/null\nif [ $? != 0 ] ; then\n    # print error to STDERR\n    echo \"error: The sandbox is not in sync with the Podfile.lock. Run 'pod install' or update your CocoaPods installation.\" >&2\n    exit 1\nfi\n";
			showEnvVarsInLog = 0;
		};
/* End PBXShellScriptBuildPhase section */

/* Begin PBXSourcesBuildPhase section */
		D608B07A1D98AB9D0071692C /* Sources */ = {
			isa = PBXSourcesBuildPhase;
			buildActionMask = 2147483647;
			files = (
				D608B0841D98AB9D0071692C /* ViewController.swift in Sources */,
				D608B0821D98AB9D0071692C /* AppDelegate.swift in Sources */,
			);
			runOnlyForDeploymentPostprocessing = 0;
		};
		D608B08E1D98AB9D0071692C /* Sources */ = {
			isa = PBXSourcesBuildPhase;
			buildActionMask = 2147483647;
			files = (
				D608B0971D98AB9D0071692C /* google_calendar_apiTests.swift in Sources */,
			);
			runOnlyForDeploymentPostprocessing = 0;
		};
		D608B0991D98AB9D0071692C /* Sources */ = {
			isa = PBXSourcesBuildPhase;
			buildActionMask = 2147483647;
			files = (
				D608B0A21D98AB9D0071692C /* google_calendar_apiUITests.swift in Sources */,
			);
			runOnlyForDeploymentPostprocessing = 0;
		};
/* End PBXSourcesBuildPhase section */

/* Begin PBXTargetDependency section */
		D608B0941D98AB9D0071692C /* PBXTargetDependency */ = {
			isa = PBXTargetDependency;
			target = D608B07D1D98AB9D0071692C /* google_calendar_api */;
			targetProxy = D608B0931D98AB9D0071692C /* PBXContainerItemProxy */;
		};
		D608B09F1D98AB9D0071692C /* PBXTargetDependency */ = {
			isa = PBXTargetDependency;
			target = D608B07D1D98AB9D0071692C /* google_calendar_api */;
			targetProxy = D608B09E1D98AB9D0071692C /* PBXContainerItemProxy */;
		};
/* End PBXTargetDependency section */

/* Begin PBXVariantGroup section */
		D608B0851D98AB9D0071692C /* Main.storyboard */ = {
			isa = PBXVariantGroup;
			children = (
				D608B0861D98AB9D0071692C /* Base */,
			);
			name = Main.storyboard;
			sourceTree = "<group>";
		};
		D608B08A1D98AB9D0071692C /* LaunchScreen.storyboard */ = {
			isa = PBXVariantGroup;
			children = (
				D608B08B1D98AB9D0071692C /* Base */,
			);
			name = LaunchScreen.storyboard;
			sourceTree = "<group>";
		};
/* End PBXVariantGroup section */

/* Begin XCBuildConfiguration section */
		D608B0A41D98AB9D0071692C /* Debug */ = {
			isa = XCBuildConfiguration;
			buildSettings = {
				ALWAYS_SEARCH_USER_PATHS = NO;
				CLANG_ANALYZER_NONNULL = YES;
				CLANG_CXX_LANGUAGE_STANDARD = "gnu++0x";
				CLANG_CXX_LIBRARY = "libc++";
				CLANG_ENABLE_MODULES = YES;
				CLANG_ENABLE_OBJC_ARC = YES;
				CLANG_WARN_BOOL_CONVERSION = YES;
				CLANG_WARN_CONSTANT_CONVERSION = YES;
				CLANG_WARN_DIRECT_OBJC_ISA_USAGE = YES_ERROR;
				CLANG_WARN_DOCUMENTATION_COMMENTS = YES;
				CLANG_WARN_EMPTY_BODY = YES;
				CLANG_WARN_ENUM_CONVERSION = YES;
				CLANG_WARN_INFINITE_RECURSION = YES;
				CLANG_WARN_INT_CONVERSION = YES;
				CLANG_WARN_OBJC_ROOT_CLASS = YES_ERROR;
				CLANG_WARN_SUSPICIOUS_MOVES = YES;
				CLANG_WARN_UNREACHABLE_CODE = YES;
				CLANG_WARN__DUPLICATE_METHOD_MATCH = YES;
				"CODE_SIGN_IDENTITY[sdk=iphoneos*]" = "iPhone Developer";
				COPY_PHASE_STRIP = NO;
				DEBUG_INFORMATION_FORMAT = dwarf;
				ENABLE_STRICT_OBJC_MSGSEND = YES;
				ENABLE_TESTABILITY = YES;
				GCC_C_LANGUAGE_STANDARD = gnu99;
				GCC_DYNAMIC_NO_PIC = NO;
				GCC_NO_COMMON_BLOCKS = YES;
				GCC_OPTIMIZATION_LEVEL = 0;
				GCC_PREPROCESSOR_DEFINITIONS = (
					"DEBUG=1",
					"$(inherited)",
				);
				GCC_WARN_64_TO_32_BIT_CONVERSION = YES;
				GCC_WARN_ABOUT_RETURN_TYPE = YES_ERROR;
				GCC_WARN_UNDECLARED_SELECTOR = YES;
				GCC_WARN_UNINITIALIZED_AUTOS = YES_AGGRESSIVE;
				GCC_WARN_UNUSED_FUNCTION = YES;
				GCC_WARN_UNUSED_VARIABLE = YES;
				IPHONEOS_DEPLOYMENT_TARGET = 10.0;
				MTL_ENABLE_DEBUG_INFO = YES;
				ONLY_ACTIVE_ARCH = YES;
				SDKROOT = iphoneos;
				SWIFT_ACTIVE_COMPILATION_CONDITIONS = DEBUG;
				SWIFT_OPTIMIZATION_LEVEL = "-Onone";
			};
			name = Debug;
		};
		D608B0A51D98AB9D0071692C /* Release */ = {
			isa = XCBuildConfiguration;
			buildSettings = {
				ALWAYS_SEARCH_USER_PATHS = NO;
				CLANG_ANALYZER_NONNULL = YES;
				CLANG_CXX_LANGUAGE_STANDARD = "gnu++0x";
				CLANG_CXX_LIBRARY = "libc++";
				CLANG_ENABLE_MODULES = YES;
				CLANG_ENABLE_OBJC_ARC = YES;
				CLANG_WARN_BOOL_CONVERSION = YES;
				CLANG_WARN_CONSTANT_CONVERSION = YES;
				CLANG_WARN_DIRECT_OBJC_ISA_USAGE = YES_ERROR;
				CLANG_WARN_DOCUMENTATION_COMMENTS = YES;
				CLANG_WARN_EMPTY_BODY = YES;
				CLANG_WARN_ENUM_CONVERSION = YES;
				CLANG_WARN_INFINITE_RECURSION = YES;
				CLANG_WARN_INT_CONVERSION = YES;
				CLANG_WARN_OBJC_ROOT_CLASS = YES_ERROR;
				CLANG_WARN_SUSPICIOUS_MOVES = YES;
				CLANG_WARN_UNREACHABLE_CODE = YES;
				CLANG_WARN__DUPLICATE_METHOD_MATCH = YES;
				"CODE_SIGN_IDENTITY[sdk=iphoneos*]" = "iPhone Developer";
				COPY_PHASE_STRIP = NO;
				DEBUG_INFORMATION_FORMAT = "dwarf-with-dsym";
				ENABLE_NS_ASSERTIONS = NO;
				ENABLE_STRICT_OBJC_MSGSEND = YES;
				GCC_C_LANGUAGE_STANDARD = gnu99;
				GCC_NO_COMMON_BLOCKS = YES;
				GCC_WARN_64_TO_32_BIT_CONVERSION = YES;
				GCC_WARN_ABOUT_RETURN_TYPE = YES_ERROR;
				GCC_WARN_UNDECLARED_SELECTOR = YES;
				GCC_WARN_UNINITIALIZED_AUTOS = YES_AGGRESSIVE;
				GCC_WARN_UNUSED_FUNCTION = YES;
				GCC_WARN_UNUSED_VARIABLE = YES;
				IPHONEOS_DEPLOYMENT_TARGET = 10.0;
				MTL_ENABLE_DEBUG_INFO = NO;
				SDKROOT = iphoneos;
				SWIFT_OPTIMIZATION_LEVEL = "-Owholemodule";
				VALIDATE_PRODUCT = YES;
			};
			name = Release;
		};
		D608B0A71D98AB9D0071692C /* Debug */ = {
			isa = XCBuildConfiguration;
			baseConfigurationReference = 0026E99A3C0F900AFF07C223 /* Pods-google_calendar_api.debug.xcconfig */;
			buildSettings = {
				ASSETCATALOG_COMPILER_APPICON_NAME = AppIcon;
				INFOPLIST_FILE = google_calendar_api/Info.plist;
				LD_RUNPATH_SEARCH_PATHS = "$(inherited) @executable_path/Frameworks";
				PRODUCT_BUNDLE_IDENTIFIER = "com.gnkmr.google-calendar-api";
				PRODUCT_NAME = "$(TARGET_NAME)";
				SWIFT_VERSION = 3.0;
			};
			name = Debug;
		};
		D608B0A81D98AB9D0071692C /* Release */ = {
			isa = XCBuildConfiguration;
			baseConfigurationReference = BF735782671F0C0AB6E52B1C /* Pods-google_calendar_api.release.xcconfig */;
			buildSettings = {
				ASSETCATALOG_COMPILER_APPICON_NAME = AppIcon;
				INFOPLIST_FILE = google_calendar_api/Info.plist;
				LD_RUNPATH_SEARCH_PATHS = "$(inherited) @executable_path/Frameworks";
				PRODUCT_BUNDLE_IDENTIFIER = "com.gnkmr.google-calendar-api";
				PRODUCT_NAME = "$(TARGET_NAME)";
				SWIFT_VERSION = 3.0;
			};
			name = Release;
		};
		D608B0AA1D98AB9D0071692C /* Debug */ = {
			isa = XCBuildConfiguration;
			baseConfigurationReference = 3C2249A7CA3B8DC6AFAF23EF /* Pods-google_calendar_apiTests.debug.xcconfig */;
			buildSettings = {
				ALWAYS_EMBED_SWIFT_STANDARD_LIBRARIES = YES;
				BUNDLE_LOADER = "$(TEST_HOST)";
				INFOPLIST_FILE = google_calendar_apiTests/Info.plist;
				LD_RUNPATH_SEARCH_PATHS = "$(inherited) @executable_path/Frameworks @loader_path/Frameworks";
				PRODUCT_BUNDLE_IDENTIFIER = "com.gnkmr.google-calendar-apiTests";
				PRODUCT_NAME = "$(TARGET_NAME)";
				SWIFT_VERSION = 3.0;
				TEST_HOST = "$(BUILT_PRODUCTS_DIR)/google_calendar_api.app/google_calendar_api";
			};
			name = Debug;
		};
		D608B0AB1D98AB9D0071692C /* Release */ = {
			isa = XCBuildConfiguration;
			baseConfigurationReference = 0ED00CC07B4074C025D836A9 /* Pods-google_calendar_apiTests.release.xcconfig */;
			buildSettings = {
				ALWAYS_EMBED_SWIFT_STANDARD_LIBRARIES = YES;
				BUNDLE_LOADER = "$(TEST_HOST)";
				INFOPLIST_FILE = google_calendar_apiTests/Info.plist;
				LD_RUNPATH_SEARCH_PATHS = "$(inherited) @executable_path/Frameworks @loader_path/Frameworks";
				PRODUCT_BUNDLE_IDENTIFIER = "com.gnkmr.google-calendar-apiTests";
				PRODUCT_NAME = "$(TARGET_NAME)";
				SWIFT_VERSION = 3.0;
				TEST_HOST = "$(BUILT_PRODUCTS_DIR)/google_calendar_api.app/google_calendar_api";
			};
			name = Release;
		};
		D608B0AD1D98AB9D0071692C /* Debug */ = {
			isa = XCBuildConfiguration;
			baseConfigurationReference = 3CB3793C1B9DC482265A77BC /* Pods-google_calendar_apiUITests.debug.xcconfig */;
			buildSettings = {
				ALWAYS_EMBED_SWIFT_STANDARD_LIBRARIES = YES;
				INFOPLIST_FILE = google_calendar_apiUITests/Info.plist;
				LD_RUNPATH_SEARCH_PATHS = "$(inherited) @executable_path/Frameworks @loader_path/Frameworks";
				PRODUCT_BUNDLE_IDENTIFIER = "com.gnkmr.google-calendar-apiUITests";
				PRODUCT_NAME = "$(TARGET_NAME)";
				SWIFT_VERSION = 3.0;
				TEST_TARGET_NAME = google_calendar_api;
			};
			name = Debug;
		};
		D608B0AE1D98AB9D0071692C /* Release */ = {
			isa = XCBuildConfiguration;
			baseConfigurationReference = BAACE99FA69D0E9611984C21 /* Pods-google_calendar_apiUITests.release.xcconfig */;
			buildSettings = {
				ALWAYS_EMBED_SWIFT_STANDARD_LIBRARIES = YES;
				INFOPLIST_FILE = google_calendar_apiUITests/Info.plist;
				LD_RUNPATH_SEARCH_PATHS = "$(inherited) @executable_path/Frameworks @loader_path/Frameworks";
				PRODUCT_BUNDLE_IDENTIFIER = "com.gnkmr.google-calendar-apiUITests";
				PRODUCT_NAME = "$(TARGET_NAME)";
				SWIFT_VERSION = 3.0;
				TEST_TARGET_NAME = google_calendar_api;
			};
			name = Release;
		};
/* End XCBuildConfiguration section */

/* Begin XCConfigurationList section */
		D608B0791D98AB9D0071692C /* Build configuration list for PBXProject "google_calendar_api" */ = {
			isa = XCConfigurationList;
			buildConfigurations = (
				D608B0A41D98AB9D0071692C /* Debug */,
				D608B0A51D98AB9D0071692C /* Release */,
			);
			defaultConfigurationIsVisible = 0;
			defaultConfigurationName = Release;
		};
		D608B0A61D98AB9D0071692C /* Build configuration list for PBXNativeTarget "google_calendar_api" */ = {
			isa = XCConfigurationList;
			buildConfigurations = (
				D608B0A71D98AB9D0071692C /* Debug */,
				D608B0A81D98AB9D0071692C /* Release */,
			);
			defaultConfigurationIsVisible = 0;
			defaultConfigurationName = Release;
		};
		D608B0A91D98AB9D0071692C /* Build configuration list for PBXNativeTarget "google_calendar_apiTests" */ = {
			isa = XCConfigurationList;
			buildConfigurations = (
				D608B0AA1D98AB9D0071692C /* Debug */,
				D608B0AB1D98AB9D0071692C /* Release */,
			);
			defaultConfigurationIsVisible = 0;
			defaultConfigurationName = Release;
		};
		D608B0AC1D98AB9D0071692C /* Build configuration list for PBXNativeTarget "google_calendar_apiUITests" */ = {
			isa = XCConfigurationList;
			buildConfigurations = (
				D608B0AD1D98AB9D0071692C /* Debug */,
				D608B0AE1D98AB9D0071692C /* Release */,
			);
			defaultConfigurationIsVisible = 0;
			defaultConfigurationName = Release;
		};
/* End XCConfigurationList section */
	};
	rootObject = D608B0761D98AB9D0071692C /* Project object */;
}
